
Microsoft Visual Studio Solution File, Format Version 12.00
# Visual Studio Version 17
VisualStudioVersion = 17.7.34202.233
MinimumVisualStudioVersion = 10.0.40219.1
Project("{9A19103F-16F7-4668-BE54-9A1E7A4F7556}") = "aemCore", "aemCore\aemCore.csproj", "{670CA70A-1C80-4BBD-A3E0-9AFF8FEEBD8C}"
EndProject
Project("{9A19103F-16F7-4668-BE54-9A1E7A4F7556}") = "aemParser", "aemParser\aemParser.csproj", "{FDABB43E-7A4C-428A-8F72-0B0B635F0069}"
EndProject
Project("{2150E333-8FDC-42A3-9474-1A3956D46DE8}") = "Solution Items", "Solution Items", "{4844818D-6973-4134-B77C-66B28190DA85}"
	ProjectSection(SolutionItems) = preProject
		.editorconfig = .editorconfig
	EndProjectSection
EndProject
Project("{9A19103F-16F7-4668-BE54-9A1E7A4F7556}") = "MatrikelBrowser", "MatrikelBrowser\MatrikelBrowser.csproj", "{E9E63DB1-5A77-41FC-8BCA-8365D56E2A1F}"
EndProject
Project("{9A19103F-16F7-4668-BE54-9A1E7A4F7556}") = "Interfaces", "Interfaces\Interfaces.csproj", "{745BA548-2A37-4BDE-B00F-43D210A0E7C3}"
EndProject
Project("{9A19103F-16F7-4668-BE54-9A1E7A4F7556}") = "dbexperiment", "dbexperiment\dbexperiment.csproj", "{12E116DF-53E8-42BD-A2D1-E0D77710C73C}"
EndProject
Project("{FAE04EC0-301F-11D3-BF4B-00C04F79EFBC}") = "notesUpgrader", "notesUpgrader\notesUpgrader.csproj", "{CC634891-0CA0-4A83-BCDF-C44E6D83089A}"
EndProject
Global
	GlobalSection(SolutionConfigurationPlatforms) = preSolution
		Debug|Any CPU = Debug|Any CPU
		Release|Any CPU = Release|Any CPU
	EndGlobalSection
	GlobalSection(ProjectConfigurationPlatforms) = postSolution
		{670CA70A-1C80-4BBD-A3E0-9AFF8FEEBD8C}.Debug|Any CPU.ActiveCfg = Debug|Any CPU
		{670CA70A-1C80-4BBD-A3E0-9AFF8FEEBD8C}.Debug|Any CPU.Build.0 = Debug|Any CPU
		{670CA70A-1C80-4BBD-A3E0-9AFF8FEEBD8C}.Release|Any CPU.ActiveCfg = Release|Any CPU
		{670CA70A-1C80-4BBD-A3E0-9AFF8FEEBD8C}.Release|Any CPU.Build.0 = Release|Any CPU
		{FDABB43E-7A4C-428A-8F72-0B0B635F0069}.Debug|Any CPU.ActiveCfg = Debug|Any CPU
		{FDABB43E-7A4C-428A-8F72-0B0B635F0069}.Debug|Any CPU.Build.0 = Debug|Any CPU
		{FDABB43E-7A4C-428A-8F72-0B0B635F0069}.Release|Any CPU.ActiveCfg = Release|Any CPU
		{FDABB43E-7A4C-428A-8F72-0B0B635F0069}.Release|Any CPU.Build.0 = Release|Any CPU
		{E9E63DB1-5A77-41FC-8BCA-8365D56E2A1F}.Debug|Any CPU.ActiveCfg = Debug|Any CPU
		{E9E63DB1-5A77-41FC-8BCA-8365D56E2A1F}.Debug|Any CPU.Build.0 = Debug|Any CPU
		{E9E63DB1-5A77-41FC-8BCA-8365D56E2A1F}.Release|Any CPU.ActiveCfg = Release|Any CPU
		{E9E63DB1-5A77-41FC-8BCA-8365D56E2A1F}.Release|Any CPU.Build.0 = Release|Any CPU
		{745BA548-2A37-4BDE-B00F-43D210A0E7C3}.Debug|Any CPU.ActiveCfg = Debug|Any CPU
		{745BA548-2A37-4BDE-B00F-43D210A0E7C3}.Debug|Any CPU.Build.0 = Debug|Any CPU
		{745BA548-2A37-4BDE-B00F-43D210A0E7C3}.Release|Any CPU.ActiveCfg = Release|Any CPU
		{745BA548-2A37-4BDE-B00F-43D210A0E7C3}.Release|Any CPU.Build.0 = Release|Any CPU
		{12E116DF-53E8-42BD-A2D1-E0D77710C73C}.Debug|Any CPU.ActiveCfg = Debug|Any CPU
		{12E116DF-53E8-42BD-A2D1-E0D77710C73C}.Debug|Any CPU.Build.0 = Debug|Any CPU
		{12E116DF-53E8-42BD-A2D1-E0D77710C73C}.Release|Any CPU.ActiveCfg = Release|Any CPU
		{12E116DF-53E8-42BD-A2D1-E0D77710C73C}.Release|Any CPU.Build.0 = Release|Any CPU
		{CC634891-0CA0-4A83-BCDF-C44E6D83089A}.Debug|Any CPU.ActiveCfg = Debug|Any CPU
		{CC634891-0CA0-4A83-BCDF-C44E6D83089A}.Debug|Any CPU.Build.0 = Debug|Any CPU
		{CC634891-0CA0-4A83-BCDF-C44E6D83089A}.Release|Any CPU.ActiveCfg = Release|Any CPU
		{CC634891-0CA0-4A83-BCDF-C44E6D83089A}.Release|Any CPU.Build.0 = Release|Any CPU
	EndGlobalSection
	GlobalSection(SolutionProperties) = preSolution
		HideSolutionNode = FALSE
	EndGlobalSection
	GlobalSection(ExtensibilityGlobals) = postSolution
		SolutionGuid = {A9471E64-23A4-4E8A-A507-61E06D037B8F}
	EndGlobalSection
EndGlobal
